
Microsoft Visual Studio Solution File, Format Version 12.00
# Visual Studio Version 16
VisualStudioVersion = 16.0.31727.386
MinimumVisualStudioVersion = 10.0.40219.1
Project("{9A19103F-16F7-4668-BE54-9A1E7A4F7556}") = "PaymentSystem", "PaymentSystem.csproj", "{FB2C0758-48FE-4C07-A4BF-D0CC3BEE9484}"
EndProject
Project("{9A19103F-16F7-4668-BE54-9A1E7A4F7556}") = "PaymentSystem.Service", "..\PaymentSystem.Service\PaymentSystem.Service.csproj", "{9406A897-BA02-4761-8B15-2F096AB62395}"
EndProject
Project("{9A19103F-16F7-4668-BE54-9A1E7A4F7556}") = "PaymentSystem.Repo", "..\PaymentSystem.Repo\PaymentSystem.Repo.csproj", "{EE01656D-2E67-43F5-9BED-55B4AAC58C79}"
EndProject
Project("{9A19103F-16F7-4668-BE54-9A1E7A4F7556}") = "PaymentSystem.Repo.Tests", "..\PaymentSystem.Repo.Tests\PaymentSystem.Repo.Tests.csproj", "{C638AFEE-51D9-4A0C-8D7C-7DD027568F5C}"
EndProject
Project("{9A19103F-16F7-4668-BE54-9A1E7A4F7556}") = "PaymentSystem.Client", "..\PaymentSystem.Client\PaymentSystem.Client.csproj", "{64F87648-E908-4FC6-AB6F-468C4DC0ECBB}"
EndProject
Global
	GlobalSection(SolutionConfigurationPlatforms) = preSolution
		Debug|Any CPU = Debug|Any CPU
		Release|Any CPU = Release|Any CPU
	EndGlobalSection
	GlobalSection(ProjectConfigurationPlatforms) = postSolution
		{FB2C0758-48FE-4C07-A4BF-D0CC3BEE9484}.Debug|Any CPU.ActiveCfg = Debug|Any CPU
		{FB2C0758-48FE-4C07-A4BF-D0CC3BEE9484}.Debug|Any CPU.Build.0 = Debug|Any CPU
		{FB2C0758-48FE-4C07-A4BF-D0CC3BEE9484}.Release|Any CPU.ActiveCfg = Release|Any CPU
		{FB2C0758-48FE-4C07-A4BF-D0CC3BEE9484}.Release|Any CPU.Build.0 = Release|Any CPU
		{9406A897-BA02-4761-8B15-2F096AB62395}.Debug|Any CPU.ActiveCfg = Debug|Any CPU
		{9406A897-BA02-4761-8B15-2F096AB62395}.Debug|Any CPU.Build.0 = Debug|Any CPU
		{9406A897-BA02-4761-8B15-2F096AB62395}.Release|Any CPU.ActiveCfg = Release|Any CPU
		{9406A897-BA02-4761-8B15-2F096AB62395}.Release|Any CPU.Build.0 = Release|Any CPU
		{EE01656D-2E67-43F5-9BED-55B4AAC58C79}.Debug|Any CPU.ActiveCfg = Debug|Any CPU
		{EE01656D-2E67-43F5-9BED-55B4AAC58C79}.Debug|Any CPU.Build.0 = Debug|Any CPU
		{EE01656D-2E67-43F5-9BED-55B4AAC58C79}.Release|Any CPU.ActiveCfg = Release|Any CPU
		{EE01656D-2E67-43F5-9BED-55B4AAC58C79}.Release|Any CPU.Build.0 = Release|Any CPU
		{C638AFEE-51D9-4A0C-8D7C-7DD027568F5C}.Debug|Any CPU.ActiveCfg = Debug|Any CPU
		{C638AFEE-51D9-4A0C-8D7C-7DD027568F5C}.Debug|Any CPU.Build.0 = Debug|Any CPU
		{C638AFEE-51D9-4A0C-8D7C-7DD027568F5C}.Release|Any CPU.ActiveCfg = Release|Any CPU
		{C638AFEE-51D9-4A0C-8D7C-7DD027568F5C}.Release|Any CPU.Build.0 = Release|Any CPU
		{64F87648-E908-4FC6-AB6F-468C4DC0ECBB}.Debug|Any CPU.ActiveCfg = Debug|Any CPU
		{64F87648-E908-4FC6-AB6F-468C4DC0ECBB}.Debug|Any CPU.Build.0 = Debug|Any CPU
		{64F87648-E908-4FC6-AB6F-468C4DC0ECBB}.Release|Any CPU.ActiveCfg = Release|Any CPU
		{64F87648-E908-4FC6-AB6F-468C4DC0ECBB}.Release|Any CPU.Build.0 = Release|Any CPU
	EndGlobalSection
	GlobalSection(SolutionProperties) = preSolution
		HideSolutionNode = FALSE
	EndGlobalSection
	GlobalSection(ExtensibilityGlobals) = postSolution
		SolutionGuid = {1D2C2273-2623-44EC-BD43-EEA3ED485D6A}
	EndGlobalSection
EndGlobal
